
Microsoft Visual Studio Solution File, Format Version 12.00
# Visual Studio 15
VisualStudioVersion = 15.0.26730.15
MinimumVisualStudioVersion = 10.0.40219.1
Project("{FAE04EC0-301F-11D3-BF4B-00C04F79EFBC}") = "methods", "methods\methods.csproj", "{71A0E098-47F4-4F9F-B49D-7A39888EDD60}"
EndProject
Global
	GlobalSection(SolutionConfigurationPlatforms) = preSolution
		Debug|Any CPU = Debug|Any CPU
		Release|Any CPU = Release|Any CPU
	EndGlobalSection
	GlobalSection(ProjectConfigurationPlatforms) = postSolution
		{71A0E098-47F4-4F9F-B49D-7A39888EDD60}.Debug|Any CPU.ActiveCfg = Debug|Any CPU
		{71A0E098-47F4-4F9F-B49D-7A39888EDD60}.Debug|Any CPU.Build.0 = Debug|Any CPU
		{71A0E098-47F4-4F9F-B49D-7A39888EDD60}.Release|Any CPU.ActiveCfg = Release|Any CPU
		{71A0E098-47F4-4F9F-B49D-7A39888EDD60}.Release|Any CPU.Build.0 = Release|Any CPU
	EndGlobalSection
	GlobalSection(SolutionProperties) = preSolution
		HideSolutionNode = FALSE
	EndGlobalSection
	GlobalSection(ExtensibilityGlobals) = postSolution
		SolutionGuid = {8062CE99-0ED1-4F26-9E18-C204880C48DE}
	EndGlobalSection
EndGlobal
