
Microsoft Visual Studio Solution File, Format Version 12.00
# Visual Studio 15
VisualStudioVersion = 15.0.26730.15
MinimumVisualStudioVersion = 10.0.40219.1
Project("{FAE04EC0-301F-11D3-BF4B-00C04F79EFBC}") = "loops", "loops\loops.csproj", "{470F34A7-8160-4ACA-A05D-DE67D498A1CD}"
EndProject
Global
	GlobalSection(SolutionConfigurationPlatforms) = preSolution
		Debug|Any CPU = Debug|Any CPU
		Release|Any CPU = Release|Any CPU
	EndGlobalSection
	GlobalSection(ProjectConfigurationPlatforms) = postSolution
		{470F34A7-8160-4ACA-A05D-DE67D498A1CD}.Debug|Any CPU.ActiveCfg = Debug|Any CPU
		{470F34A7-8160-4ACA-A05D-DE67D498A1CD}.Debug|Any CPU.Build.0 = Debug|Any CPU
		{470F34A7-8160-4ACA-A05D-DE67D498A1CD}.Release|Any CPU.ActiveCfg = Release|Any CPU
		{470F34A7-8160-4ACA-A05D-DE67D498A1CD}.Release|Any CPU.Build.0 = Release|Any CPU
	EndGlobalSection
	GlobalSection(SolutionProperties) = preSolution
		HideSolutionNode = FALSE
	EndGlobalSection
	GlobalSection(ExtensibilityGlobals) = postSolution
		SolutionGuid = {0F872AD8-AECC-44B6-8CBB-9626EA15E9AF}
	EndGlobalSection
EndGlobal
